
Microsoft Visual Studio Solution File, Format Version 12.00
# Visual Studio Version 16
VisualStudioVersion = 16.0.31702.278
MinimumVisualStudioVersion = 10.0.40219.1
Project("{FAE04EC0-301F-11D3-BF4B-00C04F79EFBC}") = "w3resource Basic", "w3resource Basic\w3resource Basic.csproj", "{C02B7357-7ED1-4185-8D5E-4E54E1D5F9A6}"
EndProject
Project("{FAE04EC0-301F-11D3-BF4B-00C04F79EFBC}") = "1 Uzduotis", "1 Uzduotis\1 Uzduotis.csproj", "{7045173E-93B4-4408-A9F8-328E6D7CC4E0}"
EndProject
Project("{FAE04EC0-301F-11D3-BF4B-00C04F79EFBC}") = "2 Uzduotis", "2 Uzduotis\2 Uzduotis.csproj", "{3E649E6D-9670-4647-B29C-B62898C6BE91}"
EndProject
Project("{FAE04EC0-301F-11D3-BF4B-00C04F79EFBC}") = "3 Uzduotis", "3 Uzduotis\3 Uzduotis.csproj", "{334C76CD-3D63-492D-BF74-932547237C9B}"
EndProject
Project("{FAE04EC0-301F-11D3-BF4B-00C04F79EFBC}") = "4 Uzduotis", "4 Uzduotis\4 Uzduotis.csproj", "{70D0E813-91EB-4F3B-90D9-8E92A949006C}"
EndProject
Project("{FAE04EC0-301F-11D3-BF4B-00C04F79EFBC}") = "5 Uzduotis PASITIKRINTI", "5 Uzduotis\5 Uzduotis PASITIKRINTI.csproj", "{47EA7460-9FC3-46EF-916A-B99F558FE20D}"
EndProject
Project("{FAE04EC0-301F-11D3-BF4B-00C04F79EFBC}") = "6 Uzduotis", "6 Uzduotis\6 Uzduotis.csproj", "{AB4A3273-7442-4F4E-80D6-DD48F193E332}"
EndProject
Project("{FAE04EC0-301F-11D3-BF4B-00C04F79EFBC}") = "7 Uzduotis", "7 Uzduotis\7 Uzduotis.csproj", "{0CD19537-EEDA-413A-9973-6DC9DA77A4D1}"
EndProject
Project("{FAE04EC0-301F-11D3-BF4B-00C04F79EFBC}") = "8 Uzduotis", "8 Uzduotis\8 Uzduotis.csproj", "{1611479B-BBD3-4D56-B46F-EB3F1CE71A25}"
EndProject
Project("{FAE04EC0-301F-11D3-BF4B-00C04F79EFBC}") = "9 Uzduotis", "9 Uzduotis\9 Uzduotis.csproj", "{A98BAD51-14DB-4B96-8469-32FBF27DEE97}"
EndProject
Project("{FAE04EC0-301F-11D3-BF4B-00C04F79EFBC}") = "10 Uzduotis", "10 Uzduotis\10 Uzduotis.csproj", "{33FD2FD8-E04F-47E4-ABAA-8BE9BF84BE7B}"
EndProject
Project("{FAE04EC0-301F-11D3-BF4B-00C04F79EFBC}") = "11 Uzduotis", "11 Uzduotis\11 Uzduotis.csproj", "{AF972EBF-2668-4C1A-901A-B73379EF7C49}"
EndProject
Project("{FAE04EC0-301F-11D3-BF4B-00C04F79EFBC}") = "12 Uzduotis", "12 Uzduotis\12 Uzduotis.csproj", "{EA89AA42-45BD-4A40-8B04-9395ACB4779C}"
EndProject
Project("{FAE04EC0-301F-11D3-BF4B-00C04F79EFBC}") = "13 Uzduotis", "13 Uzduotis\13 Uzduotis.csproj", "{00A8B868-D565-4384-A760-50203EA977F9}"
EndProject
Project("{FAE04EC0-301F-11D3-BF4B-00C04F79EFBC}") = "14 Uzduotis", "14 Uzduotis\14 Uzduotis.csproj", "{1BDD4CDD-8DAF-421D-9214-B3491621A719}"
EndProject
Project("{FAE04EC0-301F-11D3-BF4B-00C04F79EFBC}") = "15 Uzduotis PAZIURETI STRING", "15 Uzduotis\15 Uzduotis PAZIURETI STRING.csproj", "{3D03BB93-7C0C-49D2-8888-2FA87D7339FC}"
EndProject
Project("{FAE04EC0-301F-11D3-BF4B-00C04F79EFBC}") = "16 Uzduotis PAZIURETI STRING", "16 Uzduotis\16 Uzduotis PAZIURETI STRING.csproj", "{47A92EFC-E5AC-4FFA-8818-34A966FCBD0E}"
EndProject
Project("{FAE04EC0-301F-11D3-BF4B-00C04F79EFBC}") = "17 Uzduotis PAZIURETI STRING", "17 Uzduotis\17 Uzduotis PAZIURETI STRING.csproj", "{9808D700-C125-4AF9-B892-480DDD4C78AC}"
EndProject
Project("{FAE04EC0-301F-11D3-BF4B-00C04F79EFBC}") = "18 Uzduotis", "18 Uzduotis\18 Uzduotis.csproj", "{4E5A1566-8FE0-4DA7-ACF0-9EE0C806DA5D}"
EndProject
Project("{FAE04EC0-301F-11D3-BF4B-00C04F79EFBC}") = "19 Uzduotis PAZIURETI", "19 Uzduotis\19 Uzduotis PAZIURETI.csproj", "{2E6096CD-7153-48F3-9422-E2521BAE0984}"
EndProject
Project("{FAE04EC0-301F-11D3-BF4B-00C04F79EFBC}") = "20 Uzduotis", "20 Uzduotis\20 Uzduotis.csproj", "{F92628C4-657E-4479-BC2D-65203585B2C4}"
EndProject
Project("{FAE04EC0-301F-11D3-BF4B-00C04F79EFBC}") = "21 Uzduotis", "21 Uzduotis\21 Uzduotis.csproj", "{760FFDBC-24C3-4CF9-A39B-2D138D50320C}"
EndProject
Project("{FAE04EC0-301F-11D3-BF4B-00C04F79EFBC}") = "22 Uzduotis", "22 Uzduotis\22 Uzduotis.csproj", "{3C4CAA3A-3086-48E9-AA15-5AAB9C851B42}"
EndProject
Global
	GlobalSection(SolutionConfigurationPlatforms) = preSolution
		Debug|Any CPU = Debug|Any CPU
		Release|Any CPU = Release|Any CPU
	EndGlobalSection
	GlobalSection(ProjectConfigurationPlatforms) = postSolution
		{C02B7357-7ED1-4185-8D5E-4E54E1D5F9A6}.Debug|Any CPU.ActiveCfg = Debug|Any CPU
		{C02B7357-7ED1-4185-8D5E-4E54E1D5F9A6}.Debug|Any CPU.Build.0 = Debug|Any CPU
		{C02B7357-7ED1-4185-8D5E-4E54E1D5F9A6}.Release|Any CPU.ActiveCfg = Release|Any CPU
		{C02B7357-7ED1-4185-8D5E-4E54E1D5F9A6}.Release|Any CPU.Build.0 = Release|Any CPU
		{7045173E-93B4-4408-A9F8-328E6D7CC4E0}.Debug|Any CPU.ActiveCfg = Debug|Any CPU
		{7045173E-93B4-4408-A9F8-328E6D7CC4E0}.Debug|Any CPU.Build.0 = Debug|Any CPU
		{7045173E-93B4-4408-A9F8-328E6D7CC4E0}.Release|Any CPU.ActiveCfg = Release|Any CPU
		{7045173E-93B4-4408-A9F8-328E6D7CC4E0}.Release|Any CPU.Build.0 = Release|Any CPU
		{3E649E6D-9670-4647-B29C-B62898C6BE91}.Debug|Any CPU.ActiveCfg = Debug|Any CPU
		{3E649E6D-9670-4647-B29C-B62898C6BE91}.Debug|Any CPU.Build.0 = Debug|Any CPU
		{3E649E6D-9670-4647-B29C-B62898C6BE91}.Release|Any CPU.ActiveCfg = Release|Any CPU
		{3E649E6D-9670-4647-B29C-B62898C6BE91}.Release|Any CPU.Build.0 = Release|Any CPU
		{334C76CD-3D63-492D-BF74-932547237C9B}.Debug|Any CPU.ActiveCfg = Debug|Any CPU
		{334C76CD-3D63-492D-BF74-932547237C9B}.Debug|Any CPU.Build.0 = Debug|Any CPU
		{334C76CD-3D63-492D-BF74-932547237C9B}.Release|Any CPU.ActiveCfg = Release|Any CPU
		{334C76CD-3D63-492D-BF74-932547237C9B}.Release|Any CPU.Build.0 = Release|Any CPU
		{70D0E813-91EB-4F3B-90D9-8E92A949006C}.Debug|Any CPU.ActiveCfg = Debug|Any CPU
		{70D0E813-91EB-4F3B-90D9-8E92A949006C}.Debug|Any CPU.Build.0 = Debug|Any CPU
		{70D0E813-91EB-4F3B-90D9-8E92A949006C}.Release|Any CPU.ActiveCfg = Release|Any CPU
		{70D0E813-91EB-4F3B-90D9-8E92A949006C}.Release|Any CPU.Build.0 = Release|Any CPU
		{47EA7460-9FC3-46EF-916A-B99F558FE20D}.Debug|Any CPU.ActiveCfg = Debug|Any CPU
		{47EA7460-9FC3-46EF-916A-B99F558FE20D}.Debug|Any CPU.Build.0 = Debug|Any CPU
		{47EA7460-9FC3-46EF-916A-B99F558FE20D}.Release|Any CPU.ActiveCfg = Release|Any CPU
		{47EA7460-9FC3-46EF-916A-B99F558FE20D}.Release|Any CPU.Build.0 = Release|Any CPU
		{AB4A3273-7442-4F4E-80D6-DD48F193E332}.Debug|Any CPU.ActiveCfg = Debug|Any CPU
		{AB4A3273-7442-4F4E-80D6-DD48F193E332}.Debug|Any CPU.Build.0 = Debug|Any CPU
		{AB4A3273-7442-4F4E-80D6-DD48F193E332}.Release|Any CPU.ActiveCfg = Release|Any CPU
		{AB4A3273-7442-4F4E-80D6-DD48F193E332}.Release|Any CPU.Build.0 = Release|Any CPU
		{0CD19537-EEDA-413A-9973-6DC9DA77A4D1}.Debug|Any CPU.ActiveCfg = Debug|Any CPU
		{0CD19537-EEDA-413A-9973-6DC9DA77A4D1}.Debug|Any CPU.Build.0 = Debug|Any CPU
		{0CD19537-EEDA-413A-9973-6DC9DA77A4D1}.Release|Any CPU.ActiveCfg = Release|Any CPU
		{0CD19537-EEDA-413A-9973-6DC9DA77A4D1}.Release|Any CPU.Build.0 = Release|Any CPU
		{1611479B-BBD3-4D56-B46F-EB3F1CE71A25}.Debug|Any CPU.ActiveCfg = Debug|Any CPU
		{1611479B-BBD3-4D56-B46F-EB3F1CE71A25}.Debug|Any CPU.Build.0 = Debug|Any CPU
		{1611479B-BBD3-4D56-B46F-EB3F1CE71A25}.Release|Any CPU.ActiveCfg = Release|Any CPU
		{1611479B-BBD3-4D56-B46F-EB3F1CE71A25}.Release|Any CPU.Build.0 = Release|Any CPU
		{A98BAD51-14DB-4B96-8469-32FBF27DEE97}.Debug|Any CPU.ActiveCfg = Debug|Any CPU
		{A98BAD51-14DB-4B96-8469-32FBF27DEE97}.Debug|Any CPU.Build.0 = Debug|Any CPU
		{A98BAD51-14DB-4B96-8469-32FBF27DEE97}.Release|Any CPU.ActiveCfg = Release|Any CPU
		{A98BAD51-14DB-4B96-8469-32FBF27DEE97}.Release|Any CPU.Build.0 = Release|Any CPU
		{33FD2FD8-E04F-47E4-ABAA-8BE9BF84BE7B}.Debug|Any CPU.ActiveCfg = Debug|Any CPU
		{33FD2FD8-E04F-47E4-ABAA-8BE9BF84BE7B}.Debug|Any CPU.Build.0 = Debug|Any CPU
		{33FD2FD8-E04F-47E4-ABAA-8BE9BF84BE7B}.Release|Any CPU.ActiveCfg = Release|Any CPU
		{33FD2FD8-E04F-47E4-ABAA-8BE9BF84BE7B}.Release|Any CPU.Build.0 = Release|Any CPU
		{AF972EBF-2668-4C1A-901A-B73379EF7C49}.Debug|Any CPU.ActiveCfg = Debug|Any CPU
		{AF972EBF-2668-4C1A-901A-B73379EF7C49}.Debug|Any CPU.Build.0 = Debug|Any CPU
		{AF972EBF-2668-4C1A-901A-B73379EF7C49}.Release|Any CPU.ActiveCfg = Release|Any CPU
		{AF972EBF-2668-4C1A-901A-B73379EF7C49}.Release|Any CPU.Build.0 = Release|Any CPU
		{EA89AA42-45BD-4A40-8B04-9395ACB4779C}.Debug|Any CPU.ActiveCfg = Debug|Any CPU
		{EA89AA42-45BD-4A40-8B04-9395ACB4779C}.Debug|Any CPU.Build.0 = Debug|Any CPU
		{EA89AA42-45BD-4A40-8B04-9395ACB4779C}.Release|Any CPU.ActiveCfg = Release|Any CPU
		{EA89AA42-45BD-4A40-8B04-9395ACB4779C}.Release|Any CPU.Build.0 = Release|Any CPU
		{00A8B868-D565-4384-A760-50203EA977F9}.Debug|Any CPU.ActiveCfg = Debug|Any CPU
		{00A8B868-D565-4384-A760-50203EA977F9}.Debug|Any CPU.Build.0 = Debug|Any CPU
		{00A8B868-D565-4384-A760-50203EA977F9}.Release|Any CPU.ActiveCfg = Release|Any CPU
		{00A8B868-D565-4384-A760-50203EA977F9}.Release|Any CPU.Build.0 = Release|Any CPU
		{1BDD4CDD-8DAF-421D-9214-B3491621A719}.Debug|Any CPU.ActiveCfg = Debug|Any CPU
		{1BDD4CDD-8DAF-421D-9214-B3491621A719}.Debug|Any CPU.Build.0 = Debug|Any CPU
		{1BDD4CDD-8DAF-421D-9214-B3491621A719}.Release|Any CPU.ActiveCfg = Release|Any CPU
		{1BDD4CDD-8DAF-421D-9214-B3491621A719}.Release|Any CPU.Build.0 = Release|Any CPU
		{3D03BB93-7C0C-49D2-8888-2FA87D7339FC}.Debug|Any CPU.ActiveCfg = Debug|Any CPU
		{3D03BB93-7C0C-49D2-8888-2FA87D7339FC}.Debug|Any CPU.Build.0 = Debug|Any CPU
		{3D03BB93-7C0C-49D2-8888-2FA87D7339FC}.Release|Any CPU.ActiveCfg = Release|Any CPU
		{3D03BB93-7C0C-49D2-8888-2FA87D7339FC}.Release|Any CPU.Build.0 = Release|Any CPU
		{47A92EFC-E5AC-4FFA-8818-34A966FCBD0E}.Debug|Any CPU.ActiveCfg = Debug|Any CPU
		{47A92EFC-E5AC-4FFA-8818-34A966FCBD0E}.Debug|Any CPU.Build.0 = Debug|Any CPU
		{47A92EFC-E5AC-4FFA-8818-34A966FCBD0E}.Release|Any CPU.ActiveCfg = Release|Any CPU
		{47A92EFC-E5AC-4FFA-8818-34A966FCBD0E}.Release|Any CPU.Build.0 = Release|Any CPU
		{9808D700-C125-4AF9-B892-480DDD4C78AC}.Debug|Any CPU.ActiveCfg = Debug|Any CPU
		{9808D700-C125-4AF9-B892-480DDD4C78AC}.Debug|Any CPU.Build.0 = Debug|Any CPU
		{9808D700-C125-4AF9-B892-480DDD4C78AC}.Release|Any CPU.ActiveCfg = Release|Any CPU
		{9808D700-C125-4AF9-B892-480DDD4C78AC}.Release|Any CPU.Build.0 = Release|Any CPU
		{4E5A1566-8FE0-4DA7-ACF0-9EE0C806DA5D}.Debug|Any CPU.ActiveCfg = Debug|Any CPU
		{4E5A1566-8FE0-4DA7-ACF0-9EE0C806DA5D}.Debug|Any CPU.Build.0 = Debug|Any CPU
		{4E5A1566-8FE0-4DA7-ACF0-9EE0C806DA5D}.Release|Any CPU.ActiveCfg = Release|Any CPU
		{4E5A1566-8FE0-4DA7-ACF0-9EE0C806DA5D}.Release|Any CPU.Build.0 = Release|Any CPU
		{2E6096CD-7153-48F3-9422-E2521BAE0984}.Debug|Any CPU.ActiveCfg = Debug|Any CPU
		{2E6096CD-7153-48F3-9422-E2521BAE0984}.Debug|Any CPU.Build.0 = Debug|Any CPU
		{2E6096CD-7153-48F3-9422-E2521BAE0984}.Release|Any CPU.ActiveCfg = Release|Any CPU
		{2E6096CD-7153-48F3-9422-E2521BAE0984}.Release|Any CPU.Build.0 = Release|Any CPU
		{F92628C4-657E-4479-BC2D-65203585B2C4}.Debug|Any CPU.ActiveCfg = Debug|Any CPU
		{F92628C4-657E-4479-BC2D-65203585B2C4}.Debug|Any CPU.Build.0 = Debug|Any CPU
		{F92628C4-657E-4479-BC2D-65203585B2C4}.Release|Any CPU.ActiveCfg = Release|Any CPU
		{F92628C4-657E-4479-BC2D-65203585B2C4}.Release|Any CPU.Build.0 = Release|Any CPU
		{760FFDBC-24C3-4CF9-A39B-2D138D50320C}.Debug|Any CPU.ActiveCfg = Debug|Any CPU
		{760FFDBC-24C3-4CF9-A39B-2D138D50320C}.Debug|Any CPU.Build.0 = Debug|Any CPU
		{760FFDBC-24C3-4CF9-A39B-2D138D50320C}.Release|Any CPU.ActiveCfg = Release|Any CPU
		{760FFDBC-24C3-4CF9-A39B-2D138D50320C}.Release|Any CPU.Build.0 = Release|Any CPU
		{3C4CAA3A-3086-48E9-AA15-5AAB9C851B42}.Debug|Any CPU.ActiveCfg = Debug|Any CPU
		{3C4CAA3A-3086-48E9-AA15-5AAB9C851B42}.Debug|Any CPU.Build.0 = Debug|Any CPU
		{3C4CAA3A-3086-48E9-AA15-5AAB9C851B42}.Release|Any CPU.ActiveCfg = Release|Any CPU
		{3C4CAA3A-3086-48E9-AA15-5AAB9C851B42}.Release|Any CPU.Build.0 = Release|Any CPU
	EndGlobalSection
	GlobalSection(SolutionProperties) = preSolution
		HideSolutionNode = FALSE
	EndGlobalSection
	GlobalSection(ExtensibilityGlobals) = postSolution
		SolutionGuid = {2E60E949-8C09-47BA-B85C-9BB1647FF116}
	EndGlobalSection
EndGlobal
